
Microsoft Visual Studio Solution File, Format Version 12.00
# Visual Studio Version 17
VisualStudioVersion = 17.13.35825.156 d17.13
MinimumVisualStudioVersion = 10.0.40219.1
Project("{FAE04EC0-301F-11D3-BF4B-00C04F79EFBC}") = "MenagMeWebApi.Presentation", "MenagMeWebApi.Presentation\MenagMeWebApi.Presentation.csproj", "{4AAB7F98-3619-4FAE-8A53-8F3BA02572D2}"
EndProject
Project("{FAE04EC0-301F-11D3-BF4B-00C04F79EFBC}") = "MenagMeWebApi.Domain", "MenagMeWebApi.Domain\MenagMeWebApi.Domain.csproj", "{8F7599E7-8207-43FC-A119-D40FF7BB1548}"
EndProject
Project("{FAE04EC0-301F-11D3-BF4B-00C04F79EFBC}") = "MenagMeWebApi.Infrastructure", "MenagMeWebApi.Infrastructure\MenagMeWebApi.Infrastructure.csproj", "{240772C8-9DC2-473A-8229-053C485711E5}"
EndProject
Project("{FAE04EC0-301F-11D3-BF4B-00C04F79EFBC}") = "MenagMeWebApi.Application", "MenagMeWebApi.Application\MenagMeWebApi.Application.csproj", "{B1AF7524-EE78-4B4F-9D16-9D1D0026EF88}"
EndProject
Global
	GlobalSection(SolutionConfigurationPlatforms) = preSolution
		Debug|Any CPU = Debug|Any CPU
		Release|Any CPU = Release|Any CPU
	EndGlobalSection
	GlobalSection(ProjectConfigurationPlatforms) = postSolution
		{4AAB7F98-3619-4FAE-8A53-8F3BA02572D2}.Debug|Any CPU.ActiveCfg = Debug|Any CPU
		{4AAB7F98-3619-4FAE-8A53-8F3BA02572D2}.Debug|Any CPU.Build.0 = Debug|Any CPU
		{4AAB7F98-3619-4FAE-8A53-8F3BA02572D2}.Release|Any CPU.ActiveCfg = Release|Any CPU
		{4AAB7F98-3619-4FAE-8A53-8F3BA02572D2}.Release|Any CPU.Build.0 = Release|Any CPU
		{8F7599E7-8207-43FC-A119-D40FF7BB1548}.Debug|Any CPU.ActiveCfg = Debug|Any CPU
		{8F7599E7-8207-43FC-A119-D40FF7BB1548}.Debug|Any CPU.Build.0 = Debug|Any CPU
		{8F7599E7-8207-43FC-A119-D40FF7BB1548}.Release|Any CPU.ActiveCfg = Release|Any CPU
		{8F7599E7-8207-43FC-A119-D40FF7BB1548}.Release|Any CPU.Build.0 = Release|Any CPU
		{240772C8-9DC2-473A-8229-053C485711E5}.Debug|Any CPU.ActiveCfg = Debug|Any CPU
		{240772C8-9DC2-473A-8229-053C485711E5}.Debug|Any CPU.Build.0 = Debug|Any CPU
		{240772C8-9DC2-473A-8229-053C485711E5}.Release|Any CPU.ActiveCfg = Release|Any CPU
		{240772C8-9DC2-473A-8229-053C485711E5}.Release|Any CPU.Build.0 = Release|Any CPU
		{B1AF7524-EE78-4B4F-9D16-9D1D0026EF88}.Debug|Any CPU.ActiveCfg = Debug|Any CPU
		{B1AF7524-EE78-4B4F-9D16-9D1D0026EF88}.Debug|Any CPU.Build.0 = Debug|Any CPU
		{B1AF7524-EE78-4B4F-9D16-9D1D0026EF88}.Release|Any CPU.ActiveCfg = Release|Any CPU
		{B1AF7524-EE78-4B4F-9D16-9D1D0026EF88}.Release|Any CPU.Build.0 = Release|Any CPU
	EndGlobalSection
	GlobalSection(SolutionProperties) = preSolution
		HideSolutionNode = FALSE
	EndGlobalSection
	GlobalSection(ExtensibilityGlobals) = postSolution
		SolutionGuid = {2CFDBA17-5606-412B-81C5-D4FD4326763A}
	EndGlobalSection
EndGlobal
